<?xml version="1.0" encoding="utf-8"?>
<Project ToolsVersion="4.0" xmlns="http://schemas.microsoft.com/developer/msbuild/2003">
  <ItemGroup>
    <Filter Include="Source Files">
      <UniqueIdentifier>{4FC737F1-C7A5-4376-A066-2A32D752A2FF}</UniqueIdentifier>
      <Extensions>cpp;c;cc;cxx;c++;cppm;ixx;def;odl;idl;hpj;bat;asm;asmx</Extensions>
    </Filter>
    <Filter Include="Header Files">
      <UniqueIdentifier>{93995380-89BD-4b04-88EB-625FBE52EBFB}</UniqueIdentifier>
      <Extensions>h;hh;hpp;hxx;h++;hm;inl;inc;ipp;xsd</Extensions>
    </Filter>
    <Filter Include="Resource Files">
      <UniqueIdentifier>{67DA6AB6-F800-4c08-8B7A-83BB121AAD01}</UniqueIdentifier>
      <Extensions>rc;ico;cur;bmp;dlg;rc2;rct;bin;rgs;gif;jpg;jpeg;jpe;resx;tiff;tif;png;wav;mfcribbon-ms</Extensions>
    </Filter>
  </ItemGroup>
  <ItemGroup>
    <ClCompile Include="ConsoleApplication2.cpp">
      <Filter>Source Files</Filter>
    </ClCompile>
    <ClCompile Include="FileName.cpp">
      <Filter>Source Files</Filter>
    </ClCompile>
    <ClCompile Include="_Imageresize.cpp">
      <Filter>Source Files</Filter>
    </ClCompile>
    <ClCompile Include="enumeration.cpp">
      <Filter>Source Files</Filter>
    </ClCompile>
    <ClCompile Include="task1.cpp">
      <Filter>Source Files</Filter>
    </ClCompile>
    <ClCompile Include="rotating.cpp">
      <Filter>Source Files</Filter>
    </ClCompile>
    <ClCompile Include="annotating.cpp">
      <Filter>Source Files</Filter>
    </ClCompile>
    <ClCompile Include="Colour spaces.cpp">
      <Filter>Source Files</Filter>
    </ClCompile>
    <ClCompile Include="Convolution Kernels in Image Processing.cpp">
      <Filter>Source Files</Filter>
    </ClCompile>
    <ClCompile Include="threshold.cpp">
      <Filter>Source Files</Filter>
    </ClCompile>
    <ClCompile Include="blop_detection.cpp">
      <Filter>Source Files</Filter>
    </ClCompile>
    <ClCompile Include="mouse.cpp">
      <Filter>Source Files</Filter>
    </ClCompile>
    <ClCompile Include="task2.cpp">
      <Filter>Source Files</Filter>
    </ClCompile>
    <ClCompile Include="task3.cpp">
      <Filter>Source Files</Filter>
    </ClCompile>
    <ClCompile Include="task4.cpp">
      <Filter>Source Files</Filter>
    </ClCompile>
    <ClCompile Include="Iterating_directory.cpp">
      <Filter>Source Files</Filter>
    </ClCompile>
    <ClCompile Include="trackBar.cpp">
      <Filter>Source Files</Filter>
    </ClCompile>
    <ClCompile Include="BagroundEStimation.cpp">
      <Filter>Source Files</Filter>
    </ClCompile>
    <ClCompile Include="erode&amp;dilation.cpp">
      <Filter>Source Files</Filter>
    </ClCompile>
    <ClCompile Include="QrDetection.cpp">
      <Filter>Source Files</Filter>
    </ClCompile>
    <ClCompile Include="pixelValue.cpp">
      <Filter>Source Files</Filter>
    </ClCompile>
  </ItemGroup>
  <ItemGroup>
    <ClInclude Include="resource.h">
      <Filter>Header Files</Filter>
    </ClInclude>
  </ItemGroup>
  <ItemGroup>
    <ResourceCompile Include="ConsoleApplication2.rc">
      <Filter>Resource Files</Filter>
    </ResourceCompile>
  </ItemGroup>
  <ItemGroup>
    <Image Include="blur_kernel.jpg">
      <Filter>Resource Files</Filter>
    </Image>
    <Image Include="contours_none_image1.jpg">
      <Filter>Resource Files</Filter>
    </Image>
    <Image Include="identity.jpg">
      <Filter>Resource Files</Filter>
    </Image>
    <Image Include="opencv-thresh-binary.jpg">
      <Filter>Resource Files</Filter>
    </Image>
    <Image Include="opencv-thresh-binary-inv.jpg">
      <Filter>Resource Files</Filter>
    </Image>
    <Image Include="opencv-thresh-binary-maxval.jpg">
      <Filter>Resource Files</Filter>
    </Image>
    <Image Include="opencv-threshold-example.jpg">
      <Filter>Resource Files</Filter>
    </Image>
    <Image Include="opencv-thresh-tozero.jpg">
      <Filter>Resource Files</Filter>
    </Image>
    <Image Include="opencv-thresh-to-zero-inv.jpg">
      <Filter>Resource Files</Filter>
    </Image>
    <Image Include="opencv-thresh-trunc.jpg">
      <Filter>Resource Files</Filter>
    </Image>
    <Image Include="translated_image.jpg">
      <Filter>Resource Files</Filter>
    </Image>
    <Image Include="bitmap1.bmp">
      <Filter>Resource Files</Filter>
    </Image>
    <Image Include="..\..\..\..\OneDrive\Pictures\Saved Pictures\1.jpg">
      <Filter>Source Files</Filter>
    </Image>
    <Image Include="..\..\..\..\OneDrive\Pictures\Saved Pictures\2.jpg">
      <Filter>Source Files</Filter>
    </Image>
    <Image Include="..\..\..\..\OneDrive\Pictures\Saved Pictures\3.jpg">
      <Filter>Source Files</Filter>
    </Image>
    <Image Include="..\..\..\..\OneDrive\Pictures\Saved Pictures\11.jpg">
      <Filter>Source Files</Filter>
    </Image>
    <Image Include="..\..\..\..\OneDrive\Pictures\Saved Pictures\12.jpg">
      <Filter>Source Files</Filter>
    </Image>
    <Image Include="..\..\..\..\OneDrive\Pictures\Saved Pictures\13.jpg">
      <Filter>Source Files</Filter>
    </Image>
    <Image Include="..\..\..\..\OneDrive\Pictures\Saved Pictures\colorshape.jpg">
      <Filter>Source Files</Filter>
    </Image>
    <Image Include="..\..\..\..\OneDrive\Pictures\Saved Pictures\colorshape1.jpg">
      <Filter>Source Files</Filter>
    </Image>
    <Image Include="..\..\..\..\OneDrive\Pictures\Saved Pictures\Image_20240930145207293.bmp">
      <Filter>Source Files</Filter>
    </Image>
    <Image Include="..\..\..\..\OneDrive\Pictures\Saved Pictures\Image_20240930145214122.bmp">
      <Filter>Source Files</Filter>
    </Image>
    <Image Include="..\..\..\..\OneDrive\Pictures\Saved Pictures\Image_20240930145221091.bmp">
      <Filter>Source Files</Filter>
    </Image>
    <Image Include="..\..\..\..\OneDrive\Pictures\Saved Pictures\Image_20240930145224915.bmp">
      <Filter>Source Files</Filter>
    </Image>
    <Image Include="..\..\..\..\OneDrive\Pictures\Saved Pictures\Image_20240930145228960.bmp">
      <Filter>Source Files</Filter>
    </Image>
    <Image Include="..\..\..\..\OneDrive\Pictures\Saved Pictures\Image_20240930145232068.bmp">
      <Filter>Source Files</Filter>
    </Image>
    <Image Include="..\..\..\..\OneDrive\Pictures\Saved Pictures\Image_20240930145235618.bmp">
      <Filter>Source Files</Filter>
    </Image>
    <Image Include="..\..\..\..\OneDrive\Pictures\Saved Pictures\Image_20240930145239438.bmp">
      <Filter>Source Files</Filter>
    </Image>
    <Image Include="..\..\..\..\OneDrive\Pictures\Saved Pictures\Image_20240930145248326.bmp">
      <Filter>Source Files</Filter>
    </Image>
    <Image Include="..\..\..\..\OneDrive\Pictures\Saved Pictures\Image_20240930145251234.bmp">
      <Filter>Source Files</Filter>
    </Image>
    <Image Include="..\..\..\..\OneDrive\Pictures\Saved Pictures\Image_20240930145254315.bmp">
      <Filter>Source Files</Filter>
    </Image>
    <Image Include="..\..\..\..\OneDrive\Pictures\Saved Pictures\Image_20240930145257698.bmp">
      <Filter>Source Files</Filter>
    </Image>
    <Image Include="..\..\..\..\OneDrive\Pictures\Saved Pictures\Image_20240930145301010.bmp">
      <Filter>Source Files</Filter>
    </Image>
    <Image Include="..\..\..\..\OneDrive\Pictures\Saved Pictures\Image_20240930145311457.bmp">
      <Filter>Source Files</Filter>
    </Image>
    <Image Include="..\..\..\..\OneDrive\Pictures\Saved Pictures\Image_20240930145315913.bmp">
      <Filter>Source Files</Filter>
    </Image>
    <Image Include="..\..\..\..\OneDrive\Pictures\Saved Pictures\Image_20240930145319192.bmp">
      <Filter>Source Files</Filter>
    </Image>
    <Image Include="..\..\..\..\OneDrive\Pictures\Saved Pictures\Image_20240930145324194.bmp">
      <Filter>Source Files</Filter>
    </Image>
    <Image Include="..\..\..\..\OneDrive\Pictures\Saved Pictures\Image_20240930145329683.bmp">
      <Filter>Source Files</Filter>
    </Image>
    <Image Include="..\..\..\..\OneDrive\Pictures\Saved Pictures\Image_20240930145338134.bmp">
      <Filter>Source Files</Filter>
    </Image>
    <Image Include="..\..\..\..\OneDrive\Pictures\Saved Pictures\Image_20240930145342182.bmp">
      <Filter>Source Files</Filter>
    </Image>
    <Image Include="..\..\..\..\OneDrive\Pictures\Saved Pictures\IMG - 20240921.jpg">
      <Filter>Source Files</Filter>
    </Image>
    <Image Include="..\..\..\..\OneDrive\Pictures\Saved Pictures\IMG - 20240928 - WA00054.jpg">
      <Filter>Source Files</Filter>
    </Image>
    <Image Include="..\..\..\..\OneDrive\Pictures\Saved Pictures\IMG - 20240928.jpg">
      <Filter>Source Files</Filter>
    </Image>
    <Image Include="..\..\..\..\OneDrive\Pictures\Saved Pictures\IMG-20240919-WA0002.jpg">
      <Filter>Source Files</Filter>
    </Image>
    <Image Include="..\..\..\..\OneDrive\Pictures\Saved Pictures\IMG-20240919-WA0003.jpg">
      <Filter>Source Files</Filter>
    </Image>
    <Image Include="..\..\..\..\OneDrive\Pictures\Saved Pictures\IMG-20240919-WA0004.jpg">
      <Filter>Source Files</Filter>
    </Image>
    <Image Include="..\..\..\..\OneDrive\Pictures\Saved Pictures\IMG-20240919-WA0005.jpg">
      <Filter>Source Files</Filter>
    </Image>
    <Image Include="..\..\..\..\OneDrive\Pictures\Saved Pictures\IMG-20240928-WA0001.jpg">
      <Filter>Source Files</Filter>
    </Image>
    <Image Include="..\..\..\..\OneDrive\Pictures\Saved Pictures\IMG-20240928-WA0002.jpg">
      <Filter>Source Files</Filter>
    </Image>
    <Image Include="..\..\..\..\OneDrive\Pictures\Saved Pictures\IMG-20240928-WA0003.jpg">
      <Filter>Source Files</Filter>
    </Image>
    <Image Include="..\..\..\..\OneDrive\Pictures\Saved Pictures\IMG-20240928-WA0004.jpg">
      <Filter>Source Files</Filter>
    </Image>
    <Image Include="..\..\..\..\OneDrive\Pictures\Saved Pictures\IMG-20240928-WA0005.jpg">
      <Filter>Source Files</Filter>
    </Image>
    <Image Include="..\..\..\..\OneDrive\Pictures\Saved Pictures\IMG-20240928-WA0006.jpg">
      <Filter>Source Files</Filter>
    </Image>
    <Image Include="..\..\..\..\OneDrive\Pictures\Saved Pictures\IMG-20240928-WA0007.jpg">
      <Filter>Source Files</Filter>
    </Image>
    <Image Include="..\..\..\..\OneDrive\Pictures\Saved Pictures\IMG20241008123257.jpg">
      <Filter>Source Files</Filter>
    </Image>
    <Image Include="..\..\..\..\OneDrive\Pictures\Saved Pictures\IMG20241008123914.jpg">
      <Filter>Source Files</Filter>
    </Image>
    <Image Include="..\..\..\..\OneDrive\Pictures\Saved Pictures\senior.jpg">
      <Filter>Source Files</Filter>
    </Image>
    <Image Include="..\..\..\..\OneDrive\Pictures\Saved Pictures\th.jpg">
      <Filter>Source Files</Filter>
    </Image>
    <Image Include="..\..\..\..\OneDrive\Pictures\Saved Pictures\th1.jpg">
      <Filter>Source Files</Filter>
    </Image>
    <Image Include="..\..\..\..\OneDrive\Pictures\Saved Pictures\th3.jpg">
      <Filter>Source Files</Filter>
    </Image>
    <Image Include="..\..\..\..\OneDrive\Pictures\Saved Pictures\velz.jpg">
      <Filter>Source Files</Filter>
    </Image>
    <Image Include="..\..\..\..\OneDrive\Pictures\Saved Pictures\velz1.png">
      <Filter>Source Files</Filter>
    </Image>
    <Image Include="..\..\..\..\OneDrive\Pictures\Saved Pictures\vvvvv.png">
      <Filter>Source Files</Filter>
    </Image>
    <Image Include="..\..\..\..\OneDrive\Pictures\Saved Pictures\WhatsApp Image 2024-09-21 at 12.37.27_9a700ee0.jpg">
      <Filter>Source Files</Filter>
    </Image>
    <Image Include="..\..\..\..\OneDrive\Pictures\Saved Pictures\WhatsApp Image 2024-09-24 at 11.27.41_8a0ebbf1.jpg">
      <Filter>Source Files</Filter>
    </Image>
    <Image Include="..\..\..\..\OneDrive\Pictures\Saved Pictures\WhatsApp Image 2024-09-24 at 16.59.30_96264728.jpg">
      <Filter>Source Files</Filter>
    </Image>
    <Image Include="..\..\..\..\OneDrive\Pictures\Saved Pictures\WhatsApp Image 2024-10-08 at 10.11.33_dc638ec7.jpg">
      <Filter>Source Files</Filter>
    </Image>
  </ItemGroup>
  <ItemGroup>
    <None Include="ConsoleApplication2.aps" />
    <None Include="..\..\..\..\OneDrive\Pictures\Saved Pictures\Calibration sheet.pdf">
      <Filter>Source Files</Filter>
    </None>
  </ItemGroup>
</Project>